
Microsoft Visual Studio Solution File, Format Version 12.00
# Visual Studio 2013
VisualStudioVersion = 12.0.31101.0
MinimumVisualStudioVersion = 10.0.40219.1
Project("{FAE04EC0-301F-11D3-BF4B-00C04F79EFBC}") = "Obelisk.Agi", "Obelisk.Agi\Obelisk.Agi.csproj", "{68851341-C54F-4B5A-8E79-00D6ADDAB2D1}"
EndProject
Project("{FAE04EC0-301F-11D3-BF4B-00C04F79EFBC}") = "Obelisk.Agi.Tests", "Obelisk.Agi.Tests\Obelisk.Agi.Tests.csproj", "{18A88ED2-937C-49DC-8203-16EDBD152358}"
EndProject
Project("{FAE04EC0-301F-11D3-BF4B-00C04F79EFBC}") = "Obelisk.TestHost", "Obelisk.TestHost\Obelisk.TestHost.csproj", "{C8012071-15F5-4767-99EC-1666943BF19D}"
EndProject
Global
	GlobalSection(SolutionConfigurationPlatforms) = preSolution
		Debug|Any CPU = Debug|Any CPU
		Release|Any CPU = Release|Any CPU
	EndGlobalSection
	GlobalSection(ProjectConfigurationPlatforms) = postSolution
		{68851341-C54F-4B5A-8E79-00D6ADDAB2D1}.Debug|Any CPU.ActiveCfg = Debug|Any CPU
		{68851341-C54F-4B5A-8E79-00D6ADDAB2D1}.Debug|Any CPU.Build.0 = Debug|Any CPU
		{68851341-C54F-4B5A-8E79-00D6ADDAB2D1}.Release|Any CPU.ActiveCfg = Release|Any CPU
		{68851341-C54F-4B5A-8E79-00D6ADDAB2D1}.Release|Any CPU.Build.0 = Release|Any CPU
		{18A88ED2-937C-49DC-8203-16EDBD152358}.Debug|Any CPU.ActiveCfg = Debug|Any CPU
		{18A88ED2-937C-49DC-8203-16EDBD152358}.Debug|Any CPU.Build.0 = Debug|Any CPU
		{18A88ED2-937C-49DC-8203-16EDBD152358}.Release|Any CPU.ActiveCfg = Release|Any CPU
		{18A88ED2-937C-49DC-8203-16EDBD152358}.Release|Any CPU.Build.0 = Release|Any CPU
		{C8012071-15F5-4767-99EC-1666943BF19D}.Debug|Any CPU.ActiveCfg = Debug|Any CPU
		{C8012071-15F5-4767-99EC-1666943BF19D}.Debug|Any CPU.Build.0 = Debug|Any CPU
		{C8012071-15F5-4767-99EC-1666943BF19D}.Release|Any CPU.ActiveCfg = Release|Any CPU
		{C8012071-15F5-4767-99EC-1666943BF19D}.Release|Any CPU.Build.0 = Release|Any CPU
	EndGlobalSection
	GlobalSection(SolutionProperties) = preSolution
		HideSolutionNode = FALSE
	EndGlobalSection
EndGlobal
